// !$*UTF8*$!
{
	archiveVersion = 1;
	classes = {
	};
	objectVersion = 56;
	objects = {

/* Begin PBXBuildFile section */
		9B5884162BB70EE2007EE122 /* Assets.xcassets in Resources */ = {isa = PBXBuildFile; fileRef = 9B5884152BB70EE2007EE122 /* Assets.xcassets */; };
		9B5884192BB71BCB007EE122 /* metricsView.swift in Sources */ = {isa = PBXBuildFile; fileRef = 9B5884182BB71BCB007EE122 /* metricsView.swift */; };
		9B9F2EF12BB9B588003230C5 /* OutOfBox_1App.swift in Sources */ = {isa = PBXBuildFile; fileRef = 9B9F2EF02BB9B588003230C5 /* OutOfBox_1App.swift */; };
		9BCE71722BB9B1EC0005EEB0 /* outOfBoxView.swift in Sources */ = {isa = PBXBuildFile; fileRef = 9BCE71712BB9B1EC0005EEB0 /* outOfBoxView.swift */; };
/* End PBXBuildFile section */

/* Begin PBXFileReference section */
		9B5884032BB70429007EE122 /* OutOfBox_1 */ = {isa = PBXFileReference; lastKnownFileType = folder; path = OutOfBox_1; sourceTree = "<group>"; };
		9B5884052BB70489007EE122 /* Info.plist */ = {isa = PBXFileReference; fileEncoding = 4; lastKnownFileType = text.plist.xml; path = Info.plist; sourceTree = "<group>"; };
		9B5884072BB70C9F007EE122 /* Info.plist */ = {isa = PBXFileReference; lastKnownFileType = text.plist.xml; name = Info.plist; path = OutOfBox_1/Info.plist; sourceTree = "<group>"; };
		9B5884152BB70EE2007EE122 /* Assets.xcassets */ = {isa = PBXFileReference; lastKnownFileType = folder.assetcatalog; name = Assets.xcassets; path = OutOfBox_1/Assets.xcassets; sourceTree = "<group>"; };
		9B5884182BB71BCB007EE122 /* metricsView.swift */ = {isa = PBXFileReference; lastKnownFileType = sourcecode.swift; path = metricsView.swift; sourceTree = "<group>"; };
		9B9F2EF02BB9B588003230C5 /* OutOfBox_1App.swift */ = {isa = PBXFileReference; lastKnownFileType = sourcecode.swift; path = OutOfBox_1App.swift; sourceTree = "<group>"; };
		9BB4E1B32BB5E1A800E7C70D /* OutOfBox_1.app */ = {isa = PBXFileReference; explicitFileType = wrapper.application; includeInIndex = 0; path = OutOfBox_1.app; sourceTree = BUILT_PRODUCTS_DIR; };
		9BB4E1BA2BB5E1A900E7C70D /* Assets.xcassets */ = {isa = PBXFileReference; lastKnownFileType = folder.assetcatalog; path = Assets.xcassets; sourceTree = "<group>"; };
		9BB4E1BD2BB5E1A900E7C70D /* Preview Assets.xcassets */ = {isa = PBXFileReference; lastKnownFileType = folder.assetcatalog; path = "Preview Assets.xcassets"; sourceTree = "<group>"; };
		9BCE71712BB9B1EC0005EEB0 /* outOfBoxView.swift */ = {isa = PBXFileReference; lastKnownFileType = sourcecode.swift; path = outOfBoxView.swift; sourceTree = "<group>"; };
/* End PBXFileReference section */

/* Begin PBXFrameworksBuildPhase section */
		9BB4E1B02BB5E1A800E7C70D /* Frameworks */ = {
			isa = PBXFrameworksBuildPhase;
			buildActionMask = 2147483647;
			files = (
			);
			runOnlyForDeploymentPostprocessing = 0;
		};
/* End PBXFrameworksBuildPhase section */

/* Begin PBXGroup section */
		9B5884172BB71BAC007EE122 /* Views */ = {
			isa = PBXGroup;
			children = (
				9BCE71712BB9B1EC0005EEB0 /* outOfBoxView.swift */,
				9B5884182BB71BCB007EE122 /* metricsView.swift */,
			);
			path = Views;
			sourceTree = "<group>";
		};
		9B86EF082BB9AE5700559DFA /* APP */ = {
			isa = PBXGroup;
			children = (
				9B9F2EF02BB9B588003230C5 /* OutOfBox_1App.swift */,
			);
			path = APP;
			sourceTree = "<group>";
		};
		9BB4E1AA2BB5E1A800E7C70D = {
			isa = PBXGroup;
			children = (
				9B86EF082BB9AE5700559DFA /* APP */,
				9B5884172BB71BAC007EE122 /* Views */,
				9B5884152BB70EE2007EE122 /* Assets.xcassets */,
				9B5884072BB70C9F007EE122 /* Info.plist */,
				9BB4E1B52BB5E1A800E7C70D /* OutOfBox_1 */,
				9B5884032BB70429007EE122 /* OutOfBox_1 */,
				9BB4E1B42BB5E1A800E7C70D /* Products */,
			);
			sourceTree = "<group>";
		};
		9BB4E1B42BB5E1A800E7C70D /* Products */ = {
			isa = PBXGroup;
			children = (
				9BB4E1B32BB5E1A800E7C70D /* OutOfBox_1.app */,
			);
			name = Products;
			sourceTree = "<group>";
		};
		9BB4E1B52BB5E1A800E7C70D /* OutOfBox_1 */ = {
			isa = PBXGroup;
			children = (
				9B5884052BB70489007EE122 /* Info.plist */,
				9BB4E1BA2BB5E1A900E7C70D /* Assets.xcassets */,
				9BB4E1BC2BB5E1A900E7C70D /* Preview Content */,
			);
			path = OutOfBox_1;
			sourceTree = "<group>";
		};
		9BB4E1BC2BB5E1A900E7C70D /* Preview Content */ = {
			isa = PBXGroup;
			children = (
				9BB4E1BD2BB5E1A900E7C70D /* Preview Assets.xcassets */,
			);
			path = "Preview Content";
			sourceTree = "<group>";
		};
/* End PBXGroup section */

/* Begin PBXNativeTarget section */
		9BB4E1B22BB5E1A800E7C70D /* OutOfBox_1 */ = {
			isa = PBXNativeTarget;
			buildConfigurationList = 9BB4E1C12BB5E1A900E7C70D /* Build configuration list for PBXNativeTarget "OutOfBox_1" */;
			buildPhases = (
				9BB4E1AF2BB5E1A800E7C70D /* Sources */,
				9BB4E1B02BB5E1A800E7C70D /* Frameworks */,
				9BB4E1B12BB5E1A800E7C70D /* Resources */,
			);
			buildRules = (
			);
			dependencies = (
			);
			name = OutOfBox_1;
			productName = OutOfBox_1;
			productReference = 9BB4E1B32BB5E1A800E7C70D /* OutOfBox_1.app */;
			productType = "com.apple.product-type.application";
		};
/* End PBXNativeTarget section */

/* Begin PBXProject section */
		9BB4E1AB2BB5E1A800E7C70D /* Project object */ = {
			isa = PBXProject;
			attributes = {
				BuildIndependentTargetsInParallel = 1;
				LastSwiftUpdateCheck = 1530;
				LastUpgradeCheck = 1530;
				TargetAttributes = {
					9BB4E1B22BB5E1A800E7C70D = {
						CreatedOnToolsVersion = 15.3;
					};
				};
			};
			buildConfigurationList = 9BB4E1AE2BB5E1A800E7C70D /* Build configuration list for PBXProject "OutOfBox_1" */;
			compatibilityVersion = "Xcode 14.0";
			developmentRegion = en;
			hasScannedForEncodings = 0;
			knownRegions = (
				en,
				Base,
			);
			mainGroup = 9BB4E1AA2BB5E1A800E7C70D;
			productRefGroup = 9BB4E1B42BB5E1A800E7C70D /* Products */;
			projectDirPath = "";
			projectRoot = "";
			targets = (
				9BB4E1B22BB5E1A800E7C70D /* OutOfBox_1 */,
			);
		};
/* End PBXProject section */

/* Begin PBXResourcesBuildPhase section */
		9BB4E1B12BB5E1A800E7C70D /* Resources */ = {
			isa = PBXResourcesBuildPhase;
			buildActionMask = 2147483647;
			files = (
				9B5884162BB70EE2007EE122 /* Assets.xcassets in Resources */,
			);
			runOnlyForDeploymentPostprocessing = 0;
		};
/* End PBXResourcesBuildPhase section */

/* Begin PBXSourcesBuildPhase section */
		9BB4E1AF2BB5E1A800E7C70D /* Sources */ = {
			isa = PBXSourcesBuildPhase;
			buildActionMask = 2147483647;
			files = (
				9BCE71722BB9B1EC0005EEB0 /* outOfBoxView.swift in Sources */,
				9B9F2EF12BB9B588003230C5 /* OutOfBox_1App.swift in Sources */,
				9B5884192BB71BCB007EE122 /* metricsView.swift in Sources */,
			);
			runOnlyForDeploymentPostprocessing = 0;
		};
/* End PBXSourcesBuildPhase section */

/* Begin XCBuildConfiguration section */
		9BB4E1BF2BB5E1A900E7C70D /* Debug */ = {
			isa = XCBuildConfiguration;
			buildSettings = {
				ALWAYS_SEARCH_USER_PATHS = NO;
				ASSETCATALOG_COMPILER_GENERATE_SWIFT_ASSET_SYMBOL_EXTENSIONS = YES;
				CLANG_ANALYZER_NONNULL = YES;
				CLANG_ANALYZER_NUMBER_OBJECT_CONVERSION = YES_AGGRESSIVE;
				CLANG_CXX_LANGUAGE_STANDARD = "gnu++20";
				CLANG_ENABLE_MODULES = YES;
				CLANG_ENABLE_OBJC_ARC = YES;
				CLANG_ENABLE_OBJC_WEAK = YES;
				CLANG_WARN_BLOCK_CAPTURE_AUTORELEASING = YES;
				CLANG_WARN_BOOL_CONVERSION = YES;
				CLANG_WARN_COMMA = YES;
				CLANG_WARN_CONSTANT_CONVERSION = YES;
				CLANG_WARN_DEPRECATED_OBJC_IMPLEMENTATIONS = YES;
				CLANG_WARN_DIRECT_OBJC_ISA_USAGE = YES_ERROR;
				CLANG_WARN_DOCUMENTATION_COMMENTS = YES;
				CLANG_WARN_EMPTY_BODY = YES;
				CLANG_WARN_ENUM_CONVERSION = YES;
				CLANG_WARN_INFINITE_RECURSION = YES;
				CLANG_WARN_INT_CONVERSION = YES;
				CLANG_WARN_NON_LITERAL_NULL_CONVERSION = YES;
				CLANG_WARN_OBJC_IMPLICIT_RETAIN_SELF = YES;
				CLANG_WARN_OBJC_LITERAL_CONVERSION = YES;
				CLANG_WARN_OBJC_ROOT_CLASS = YES_ERROR;
				CLANG_WARN_QUOTED_INCLUDE_IN_FRAMEWORK_HEADER = YES;
				CLANG_WARN_RANGE_LOOP_ANALYSIS = YES;
				CLANG_WARN_STRICT_PROTOTYPES = YES;
				CLANG_WARN_SUSPICIOUS_MOVE = YES;
				CLANG_WARN_UNGUARDED_AVAILABILITY = YES_AGGRESSIVE;
				CLANG_WARN_UNREACHABLE_CODE = YES;
				CLANG_WARN__DUPLICATE_METHOD_MATCH = YES;
				COPY_PHASE_STRIP = NO;
				DEBUG_INFORMATION_FORMAT = dwarf;
				ENABLE_STRICT_OBJC_MSGSEND = YES;
				ENABLE_TESTABILITY = YES;
				ENABLE_USER_SCRIPT_SANDBOXING = YES;
				GCC_C_LANGUAGE_STANDARD = gnu17;
				GCC_DYNAMIC_NO_PIC = NO;
				GCC_NO_COMMON_BLOCKS = YES;
				GCC_OPTIMIZATION_LEVEL = 0;
				GCC_PREPROCESSOR_DEFINITIONS = (
					"DEBUG=1",
					"$(inherited)",
				);
				GCC_WARN_64_TO_32_BIT_CONVERSION = YES;
				GCC_WARN_ABOUT_RETURN_TYPE = YES_ERROR;
				GCC_WARN_UNDECLARED_SELECTOR = YES;
				GCC_WARN_UNINITIALIZED_AUTOS = YES_AGGRESSIVE;
				GCC_WARN_UNUSED_FUNCTION = YES;
				GCC_WARN_UNUSED_VARIABLE = YES;
				GENERATE_INFOPLIST_FILE = YES;
				IPHONEOS_DEPLOYMENT_TARGET = 17.4;
				LOCALIZATION_PREFERS_STRING_CATALOGS = YES;
				MTL_ENABLE_DEBUG_INFO = INCLUDE_SOURCE;
				MTL_FAST_MATH = YES;
				ONLY_ACTIVE_ARCH = YES;
				SDKROOT = iphoneos;
				SWIFT_ACTIVE_COMPILATION_CONDITIONS = "DEBUG $(inherited)";
				SWIFT_OPTIMIZATION_LEVEL = "-Onone";
			};
			name = Debug;
		};
		9BB4E1C02BB5E1A900E7C70D /* Release */ = {
			isa = XCBuildConfiguration;
			buildSettings = {
				ALWAYS_SEARCH_USER_PATHS = NO;
				ASSETCATALOG_COMPILER_GENERATE_SWIFT_ASSET_SYMBOL_EXTENSIONS = YES;
				CLANG_ANALYZER_NONNULL = YES;
				CLANG_ANALYZER_NUMBER_OBJECT_CONVERSION = YES_AGGRESSIVE;
				CLANG_CXX_LANGUAGE_STANDARD = "gnu++20";
				CLANG_ENABLE_MODULES = YES;
				CLANG_ENABLE_OBJC_ARC = YES;
				CLANG_ENABLE_OBJC_WEAK = YES;
				CLANG_WARN_BLOCK_CAPTURE_AUTORELEASING = YES;
				CLANG_WARN_BOOL_CONVERSION = YES;
				CLANG_WARN_COMMA = YES;
				CLANG_WARN_CONSTANT_CONVERSION = YES;
				CLANG_WARN_DEPRECATED_OBJC_IMPLEMENTATIONS = YES;
				CLANG_WARN_DIRECT_OBJC_ISA_USAGE = YES_ERROR;
				CLANG_WARN_DOCUMENTATION_COMMENTS = YES;
				CLANG_WARN_EMPTY_BODY = YES;
				CLANG_WARN_ENUM_CONVERSION = YES;
				CLANG_WARN_INFINITE_RECURSION = YES;
				CLANG_WARN_INT_CONVERSION = YES;
				CLANG_WARN_NON_LITERAL_NULL_CONVERSION = YES;
				CLANG_WARN_OBJC_IMPLICIT_RETAIN_SELF = YES;
				CLANG_WARN_OBJC_LITERAL_CONVERSION = YES;
				CLANG_WARN_OBJC_ROOT_CLASS = YES_ERROR;
				CLANG_WARN_QUOTED_INCLUDE_IN_FRAMEWORK_HEADER = YES;
				CLANG_WARN_RANGE_LOOP_ANALYSIS = YES;
				CLANG_WARN_STRICT_PROTOTYPES = YES;
				CLANG_WARN_SUSPICIOUS_MOVE = YES;
				CLANG_WARN_UNGUARDED_AVAILABILITY = YES_AGGRESSIVE;
				CLANG_WARN_UNREACHABLE_CODE = YES;
				CLANG_WARN__DUPLICATE_METHOD_MATCH = YES;
				COPY_PHASE_STRIP = NO;
				DEBUG_INFORMATION_FORMAT = "dwarf-with-dsym";
				ENABLE_NS_ASSERTIONS = NO;
				ENABLE_STRICT_OBJC_MSGSEND = YES;
				ENABLE_USER_SCRIPT_SANDBOXING = YES;
				GCC_C_LANGUAGE_STANDARD = gnu17;
				GCC_NO_COMMON_BLOCKS = YES;
				GCC_WARN_64_TO_32_BIT_CONVERSION = YES;
				GCC_WARN_ABOUT_RETURN_TYPE = YES_ERROR;
				GCC_WARN_UNDECLARED_SELECTOR = YES;
				GCC_WARN_UNINITIALIZED_AUTOS = YES_AGGRESSIVE;
				GCC_WARN_UNUSED_FUNCTION = YES;
				GCC_WARN_UNUSED_VARIABLE = YES;
				GENERATE_INFOPLIST_FILE = YES;
				IPHONEOS_DEPLOYMENT_TARGET = 17.4;
				LOCALIZATION_PREFERS_STRING_CATALOGS = YES;
				MTL_ENABLE_DEBUG_INFO = NO;
				MTL_FAST_MATH = YES;
				SDKROOT = iphoneos;
				SWIFT_COMPILATION_MODE = wholemodule;
				VALIDATE_PRODUCT = YES;
			};
			name = Release;
		};
		9BB4E1C22BB5E1A900E7C70D /* Debug */ = {
			isa = XCBuildConfiguration;
			buildSettings = {
				ASSETCATALOG_COMPILER_APPICON_NAME = AppIcon;
				ASSETCATALOG_COMPILER_GLOBAL_ACCENT_COLOR_NAME = AccentColor;
				CODE_SIGN_STYLE = Automatic;
				CURRENT_PROJECT_VERSION = 1;
				DEVELOPMENT_ASSET_PATHS = "\"OutOfBox_1/Preview Content\"";
				DEVELOPMENT_TEAM = KP3ZH5K2SY;
				ENABLE_PREVIEWS = YES;
				GENERATE_INFOPLIST_FILE = YES;
				INFOPLIST_FILE = "";
				"INFOPLIST_FILE[sdk=*]" = "";
				INFOPLIST_KEY_NSHealthUpdateUsageDescription = "Need to access in order to work correctly";
				INFOPLIST_KEY_UIApplicationSceneManifest_Generation = YES;
				INFOPLIST_KEY_UIApplicationSupportsIndirectInputEvents = YES;
				INFOPLIST_KEY_UILaunchScreen_Generation = YES;
				INFOPLIST_KEY_UISupportedInterfaceOrientations_iPad = "UIInterfaceOrientationPortrait UIInterfaceOrientationPortraitUpsideDown UIInterfaceOrientationLandscapeLeft UIInterfaceOrientationLandscapeRight";
				INFOPLIST_KEY_UISupportedInterfaceOrientations_iPhone = "UIInterfaceOrientationPortrait UIInterfaceOrientationLandscapeLeft UIInterfaceOrientationLandscapeRight";
				IPHONEOS_DEPLOYMENT_TARGET = 17.0;
				LD_RUNPATH_SEARCH_PATHS = (
					"$(inherited)",
					"@executable_path/Frameworks",
				);
				MARKETING_VERSION = 1.7;
				PRODUCT_BUNDLE_IDENTIFIER = "com.grantperry.OutOfBox-1";
				PRODUCT_NAME = "$(TARGET_NAME)";
				SWIFT_EMIT_LOC_STRINGS = YES;
				SWIFT_VERSION = 5.0;
				TARGETED_DEVICE_FAMILY = "1,2";
			};
			name = Debug;
		};
		9BB4E1C32BB5E1A900E7C70D /* Release */ = {
			isa = XCBuildConfiguration;
			buildSettings = {
				ASSETCATALOG_COMPILER_APPICON_NAME = AppIcon;
				ASSETCATALOG_COMPILER_GLOBAL_ACCENT_COLOR_NAME = AccentColor;
				CODE_SIGN_STYLE = Automatic;
				CURRENT_PROJECT_VERSION = 1;
				DEVELOPMENT_ASSET_PATHS = "\"OutOfBox_1/Preview Content\"";
				DEVELOPMENT_TEAM = KP3ZH5K2SY;
				ENABLE_PREVIEWS = YES;
				GENERATE_INFOPLIST_FILE = YES;
				INFOPLIST_KEY_NSHealthUpdateUsageDescription = "Need to access in order to work correctly";
				INFOPLIST_KEY_UIApplicationSceneManifest_Generation = YES;
				INFOPLIST_KEY_UIApplicationSupportsIndirectInputEvents = YES;
				INFOPLIST_KEY_UILaunchScreen_Generation = YES;
				INFOPLIST_KEY_UISupportedInterfaceOrientations_iPad = "UIInterfaceOrientationPortrait UIInterfaceOrientationPortraitUpsideDown UIInterfaceOrientationLandscapeLeft UIInterfaceOrientationLandscapeRight";
				INFOPLIST_KEY_UISupportedInterfaceOrientations_iPhone = "UIInterfaceOrientationPortrait UIInterfaceOrientationLandscapeLeft UIInterfaceOrientationLandscapeRight";
				IPHONEOS_DEPLOYMENT_TARGET = 17.0;
				LD_RUNPATH_SEARCH_PATHS = (
					"$(inherited)",
					"@executable_path/Frameworks",
				);
				MARKETING_VERSION = 1.7;
				PRODUCT_BUNDLE_IDENTIFIER = "com.grantperry.OutOfBox-1";
				PRODUCT_NAME = "$(TARGET_NAME)";
				SWIFT_EMIT_LOC_STRINGS = YES;
				SWIFT_VERSION = 5.0;
				TARGETED_DEVICE_FAMILY = "1,2";
			};
			name = Release;
		};
/* End XCBuildConfiguration section */

/* Begin XCConfigurationList section */
		9BB4E1AE2BB5E1A800E7C70D /* Build configuration list for PBXProject "OutOfBox_1" */ = {
			isa = XCConfigurationList;
			buildConfigurations = (
				9BB4E1BF2BB5E1A900E7C70D /* Debug */,
				9BB4E1C02BB5E1A900E7C70D /* Release */,
			);
			defaultConfigurationIsVisible = 0;
			defaultConfigurationName = Release;
		};
		9BB4E1C12BB5E1A900E7C70D /* Build configuration list for PBXNativeTarget "OutOfBox_1" */ = {
			isa = XCConfigurationList;
			buildConfigurations = (
				9BB4E1C22BB5E1A900E7C70D /* Debug */,
				9BB4E1C32BB5E1A900E7C70D /* Release */,
			);
			defaultConfigurationIsVisible = 0;
			defaultConfigurationName = Release;
		};
/* End XCConfigurationList section */
	};
	rootObject = 9BB4E1AB2BB5E1A800E7C70D /* Project object */;
}
